// !$*UTF8*$!
{
	archiveVersion = 1;
	classes = {
	};
	objectVersion = 46;
	objects = {

/* Begin PBXBuildFile section */
		D89046C41C33EEC50001F6C3 /* csv.swift in Sources */ = {isa = PBXBuildFile; fileRef = D89046C31C33EEC50001F6C3 /* csv.swift */; };
		D8B067171C32C28B00AB2A44 /* AppDelegate.swift in Sources */ = {isa = PBXBuildFile; fileRef = D8B067161C32C28B00AB2A44 /* AppDelegate.swift */; };
		D8B067191C32C28B00AB2A44 /* ViewController.swift in Sources */ = {isa = PBXBuildFile; fileRef = D8B067181C32C28B00AB2A44 /* ViewController.swift */; };
		D8B0671C1C32C28B00AB2A44 /* Main.storyboard in Resources */ = {isa = PBXBuildFile; fileRef = D8B0671A1C32C28B00AB2A44 /* Main.storyboard */; };
		D8B0671E1C32C28B00AB2A44 /* Assets.xcassets in Resources */ = {isa = PBXBuildFile; fileRef = D8B0671D1C32C28B00AB2A44 /* Assets.xcassets */; };
		D8B067211C32C28B00AB2A44 /* LaunchScreen.storyboard in Resources */ = {isa = PBXBuildFile; fileRef = D8B0671F1C32C28B00AB2A44 /* LaunchScreen.storyboard */; };
		D8B067291C32D32600AB2A44 /* pokemon.csv in Resources */ = {isa = PBXBuildFile; fileRef = D8B067281C32D32600AB2A44 /* pokemon.csv */; };
		D8B0672C1C32E6C100AB2A44 /* Pokemon.swift in Sources */ = {isa = PBXBuildFile; fileRef = D8B0672B1C32E6C100AB2A44 /* Pokemon.swift */; };
		D8B0672F1C32EB4000AB2A44 /* music.mp3 in Resources */ = {isa = PBXBuildFile; fileRef = D8B0672D1C32EB4000AB2A44 /* music.mp3 */; };
		D8B067301C32EB4000AB2A44 /* pokemon.ttf in Resources */ = {isa = PBXBuildFile; fileRef = D8B0672E1C32EB4000AB2A44 /* pokemon.ttf */; };
		D8B067331C32F44500AB2A44 /* PokeCell.swift in Sources */ = {isa = PBXBuildFile; fileRef = D8B067321C32F44500AB2A44 /* PokeCell.swift */; };
/* End PBXBuildFile section */

/* Begin PBXFileReference section */
		D89046C31C33EEC50001F6C3 /* csv.swift */ = {isa = PBXFileReference; fileEncoding = 4; lastKnownFileType = sourcecode.swift; path = csv.swift; sourceTree = "<group>"; };
		D8B067131C32C28B00AB2A44 /* pokedex.app */ = {isa = PBXFileReference; explicitFileType = wrapper.application; includeInIndex = 0; path = pokedex.app; sourceTree = BUILT_PRODUCTS_DIR; };
		D8B067161C32C28B00AB2A44 /* AppDelegate.swift */ = {isa = PBXFileReference; lastKnownFileType = sourcecode.swift; path = AppDelegate.swift; sourceTree = "<group>"; };
		D8B067181C32C28B00AB2A44 /* ViewController.swift */ = {isa = PBXFileReference; lastKnownFileType = sourcecode.swift; path = ViewController.swift; sourceTree = "<group>"; };
		D8B0671B1C32C28B00AB2A44 /* Base */ = {isa = PBXFileReference; lastKnownFileType = file.storyboard; name = Base; path = Base.lproj/Main.storyboard; sourceTree = "<group>"; };
		D8B0671D1C32C28B00AB2A44 /* Assets.xcassets */ = {isa = PBXFileReference; lastKnownFileType = folder.assetcatalog; path = Assets.xcassets; sourceTree = "<group>"; };
		D8B067201C32C28B00AB2A44 /* Base */ = {isa = PBXFileReference; lastKnownFileType = file.storyboard; name = Base; path = Base.lproj/LaunchScreen.storyboard; sourceTree = "<group>"; };
		D8B067221C32C28B00AB2A44 /* Info.plist */ = {isa = PBXFileReference; lastKnownFileType = text.plist.xml; path = Info.plist; sourceTree = "<group>"; };
		D8B067281C32D32600AB2A44 /* pokemon.csv */ = {isa = PBXFileReference; fileEncoding = 4; lastKnownFileType = text; path = pokemon.csv; sourceTree = "<group>"; };
		D8B0672B1C32E6C100AB2A44 /* Pokemon.swift */ = {isa = PBXFileReference; fileEncoding = 4; lastKnownFileType = sourcecode.swift; path = Pokemon.swift; sourceTree = "<group>"; };
		D8B0672D1C32EB4000AB2A44 /* music.mp3 */ = {isa = PBXFileReference; lastKnownFileType = audio.mp3; path = music.mp3; sourceTree = "<group>"; };
		D8B0672E1C32EB4000AB2A44 /* pokemon.ttf */ = {isa = PBXFileReference; lastKnownFileType = file; path = pokemon.ttf; sourceTree = "<group>"; };
		D8B067321C32F44500AB2A44 /* PokeCell.swift */ = {isa = PBXFileReference; fileEncoding = 4; lastKnownFileType = sourcecode.swift; path = PokeCell.swift; sourceTree = "<group>"; };
/* End PBXFileReference section */

/* Begin PBXFrameworksBuildPhase section */
		D8B067101C32C28B00AB2A44 /* Frameworks */ = {
			isa = PBXFrameworksBuildPhase;
			buildActionMask = 2147483647;
			files = (
			);
			runOnlyForDeploymentPostprocessing = 0;
		};
/* End PBXFrameworksBuildPhase section */

/* Begin PBXGroup section */
		D89046C11C33D9950001F6C3 /* Controller */ = {
			isa = PBXGroup;
			children = (
				D8B067181C32C28B00AB2A44 /* ViewController.swift */,
			);
			name = Controller;
			sourceTree = "<group>";
		};
		D89046C21C33EE980001F6C3 /* Util */ = {
			isa = PBXGroup;
			children = (
				D89046C31C33EEC50001F6C3 /* csv.swift */,
			);
			name = Util;
			sourceTree = "<group>";
		};
		D89046C51C33EFCC0001F6C3 /* Resources */ = {
			isa = PBXGroup;
			children = (
				D8B0672D1C32EB4000AB2A44 /* music.mp3 */,
				D8B0672E1C32EB4000AB2A44 /* pokemon.ttf */,
				D8B067281C32D32600AB2A44 /* pokemon.csv */,
			);
			name = Resources;
			sourceTree = "<group>";
		};
		D8B0670A1C32C28B00AB2A44 = {
			isa = PBXGroup;
			children = (
				D8B067151C32C28B00AB2A44 /* pokedex */,
				D8B067141C32C28B00AB2A44 /* Products */,
			);
			sourceTree = "<group>";
		};
		D8B067141C32C28B00AB2A44 /* Products */ = {
			isa = PBXGroup;
			children = (
				D8B067131C32C28B00AB2A44 /* pokedex.app */,
			);
			name = Products;
			sourceTree = "<group>";
		};
		D8B067151C32C28B00AB2A44 /* pokedex */ = {
			isa = PBXGroup;
			children = (
				D8B0672A1C32E6A300AB2A44 /* Model */,
				D8B067311C32F3FC00AB2A44 /* View */,
				D89046C11C33D9950001F6C3 /* Controller */,
				D89046C21C33EE980001F6C3 /* Util */,
				D89046C51C33EFCC0001F6C3 /* Resources */,
				D8B067161C32C28B00AB2A44 /* AppDelegate.swift */,
				D8B0671A1C32C28B00AB2A44 /* Main.storyboard */,
				D8B0671D1C32C28B00AB2A44 /* Assets.xcassets */,
				D8B0671F1C32C28B00AB2A44 /* LaunchScreen.storyboard */,
				D8B067221C32C28B00AB2A44 /* Info.plist */,
			);
			path = pokedex;
			sourceTree = "<group>";
		};
		D8B0672A1C32E6A300AB2A44 /* Model */ = {
			isa = PBXGroup;
			children = (
				D8B0672B1C32E6C100AB2A44 /* Pokemon.swift */,
			);
			name = Model;
			sourceTree = "<group>";
		};
		D8B067311C32F3FC00AB2A44 /* View */ = {
			isa = PBXGroup;
			children = (
				D8B067321C32F44500AB2A44 /* PokeCell.swift */,
			);
			name = View;
			sourceTree = "<group>";
		};
/* End PBXGroup section */

/* Begin PBXNativeTarget section */
		D8B067121C32C28B00AB2A44 /* pokedex */ = {
			isa = PBXNativeTarget;
			buildConfigurationList = D8B067251C32C28B00AB2A44 /* Build configuration list for PBXNativeTarget "pokedex" */;
			buildPhases = (
				D8B0670F1C32C28B00AB2A44 /* Sources */,
				D8B067101C32C28B00AB2A44 /* Frameworks */,
				D8B067111C32C28B00AB2A44 /* Resources */,
			);
			buildRules = (
			);
			dependencies = (
			);
			name = pokedex;
			productName = pokedex;
			productReference = D8B067131C32C28B00AB2A44 /* pokedex.app */;
			productType = "com.apple.product-type.application";
		};
/* End PBXNativeTarget section */

/* Begin PBXProject section */
		D8B0670B1C32C28B00AB2A44 /* Project object */ = {
			isa = PBXProject;
			attributes = {
				LastSwiftUpdateCheck = 0710;
				LastUpgradeCheck = 0710;
				ORGANIZATIONNAME = Ntime;
				TargetAttributes = {
					D8B067121C32C28B00AB2A44 = {
						CreatedOnToolsVersion = 7.1;
					};
				};
			};
			buildConfigurationList = D8B0670E1C32C28B00AB2A44 /* Build configuration list for PBXProject "pokedex" */;
			compatibilityVersion = "Xcode 3.2";
			developmentRegion = English;
			hasScannedForEncodings = 0;
			knownRegions = (
				en,
				Base,
			);
			mainGroup = D8B0670A1C32C28B00AB2A44;
			productRefGroup = D8B067141C32C28B00AB2A44 /* Products */;
			projectDirPath = "";
			projectRoot = "";
			targets = (
				D8B067121C32C28B00AB2A44 /* pokedex */,
			);
		};
/* End PBXProject section */

/* Begin PBXResourcesBuildPhase section */
		D8B067111C32C28B00AB2A44 /* Resources */ = {
			isa = PBXResourcesBuildPhase;
			buildActionMask = 2147483647;
			files = (
				D8B0672F1C32EB4000AB2A44 /* music.mp3 in Resources */,
				D8B067211C32C28B00AB2A44 /* LaunchScreen.storyboard in Resources */,
				D8B0671E1C32C28B00AB2A44 /* Assets.xcassets in Resources */,
				D8B067291C32D32600AB2A44 /* pokemon.csv in Resources */,
				D8B067301C32EB4000AB2A44 /* pokemon.ttf in Resources */,
				D8B0671C1C32C28B00AB2A44 /* Main.storyboard in Resources */,
			);
			runOnlyForDeploymentPostprocessing = 0;
		};
/* End PBXResourcesBuildPhase section */

/* Begin PBXSourcesBuildPhase section */
		D8B0670F1C32C28B00AB2A44 /* Sources */ = {
			isa = PBXSourcesBuildPhase;
			buildActionMask = 2147483647;
			files = (
				D8B067331C32F44500AB2A44 /* PokeCell.swift in Sources */,
				D8B067191C32C28B00AB2A44 /* ViewController.swift in Sources */,
				D8B067171C32C28B00AB2A44 /* AppDelegate.swift in Sources */,
				D8B0672C1C32E6C100AB2A44 /* Pokemon.swift in Sources */,
				D89046C41C33EEC50001F6C3 /* csv.swift in Sources */,
			);
			runOnlyForDeploymentPostprocessing = 0;
		};
/* End PBXSourcesBuildPhase section */

/* Begin PBXVariantGroup section */
		D8B0671A1C32C28B00AB2A44 /* Main.storyboard */ = {
			isa = PBXVariantGroup;
			children = (
				D8B0671B1C32C28B00AB2A44 /* Base */,
			);
			name = Main.storyboard;
			sourceTree = "<group>";
		};
		D8B0671F1C32C28B00AB2A44 /* LaunchScreen.storyboard */ = {
			isa = PBXVariantGroup;
			children = (
				D8B067201C32C28B00AB2A44 /* Base */,
			);
			name = LaunchScreen.storyboard;
			sourceTree = "<group>";
		};
/* End PBXVariantGroup section */

/* Begin XCBuildConfiguration section */
		D8B067231C32C28B00AB2A44 /* Debug */ = {
			isa = XCBuildConfiguration;
			buildSettings = {
				ALWAYS_SEARCH_USER_PATHS = NO;
				CLANG_CXX_LANGUAGE_STANDARD = "gnu++0x";
				CLANG_CXX_LIBRARY = "libc++";
				CLANG_ENABLE_MODULES = YES;
				CLANG_ENABLE_OBJC_ARC = YES;
				CLANG_WARN_BOOL_CONVERSION = YES;
				CLANG_WARN_CONSTANT_CONVERSION = YES;
				CLANG_WARN_DIRECT_OBJC_ISA_USAGE = YES_ERROR;
				CLANG_WARN_EMPTY_BODY = YES;
				CLANG_WARN_ENUM_CONVERSION = YES;
				CLANG_WARN_INT_CONVERSION = YES;
				CLANG_WARN_OBJC_ROOT_CLASS = YES_ERROR;
				CLANG_WARN_UNREACHABLE_CODE = YES;
				CLANG_WARN__DUPLICATE_METHOD_MATCH = YES;
				"CODE_SIGN_IDENTITY[sdk=iphoneos*]" = "iPhone Developer";
				COPY_PHASE_STRIP = NO;
				DEBUG_INFORMATION_FORMAT = dwarf;
				ENABLE_STRICT_OBJC_MSGSEND = YES;
				ENABLE_TESTABILITY = YES;
				GCC_C_LANGUAGE_STANDARD = gnu99;
				GCC_DYNAMIC_NO_PIC = NO;
				GCC_NO_COMMON_BLOCKS = YES;
				GCC_OPTIMIZATION_LEVEL = 0;
				GCC_PREPROCESSOR_DEFINITIONS = (
					"DEBUG=1",
					"$(inherited)",
				);
				GCC_WARN_64_TO_32_BIT_CONVERSION = YES;
				GCC_WARN_ABOUT_RETURN_TYPE = YES_ERROR;
				GCC_WARN_UNDECLARED_SELECTOR = YES;
				GCC_WARN_UNINITIALIZED_AUTOS = YES_AGGRESSIVE;
				GCC_WARN_UNUSED_FUNCTION = YES;
				GCC_WARN_UNUSED_VARIABLE = YES;
				IPHONEOS_DEPLOYMENT_TARGET = 9.1;
				MTL_ENABLE_DEBUG_INFO = YES;
				ONLY_ACTIVE_ARCH = YES;
				SDKROOT = iphoneos;
				SWIFT_OPTIMIZATION_LEVEL = "-Onone";
				TARGETED_DEVICE_FAMILY = "1,2";
			};
			name = Debug;
		};
		D8B067241C32C28B00AB2A44 /* Release */ = {
			isa = XCBuildConfiguration;
			buildSettings = {
				ALWAYS_SEARCH_USER_PATHS = NO;
				CLANG_CXX_LANGUAGE_STANDARD = "gnu++0x";
				CLANG_CXX_LIBRARY = "libc++";
				CLANG_ENABLE_MODULES = YES;
				CLANG_ENABLE_OBJC_ARC = YES;
				CLANG_WARN_BOOL_CONVERSION = YES;
				CLANG_WARN_CONSTANT_CONVERSION = YES;
				CLANG_WARN_DIRECT_OBJC_ISA_USAGE = YES_ERROR;
				CLANG_WARN_EMPTY_BODY = YES;
				CLANG_WARN_ENUM_CONVERSION = YES;
				CLANG_WARN_INT_CONVERSION = YES;
				CLANG_WARN_OBJC_ROOT_CLASS = YES_ERROR;
				CLANG_WARN_UNREACHABLE_CODE = YES;
				CLANG_WARN__DUPLICATE_METHOD_MATCH = YES;
				"CODE_SIGN_IDENTITY[sdk=iphoneos*]" = "iPhone Developer";
				COPY_PHASE_STRIP = NO;
				DEBUG_INFORMATION_FORMAT = "dwarf-with-dsym";
				ENABLE_NS_ASSERTIONS = NO;
				ENABLE_STRICT_OBJC_MSGSEND = YES;
				GCC_C_LANGUAGE_STANDARD = gnu99;
				GCC_NO_COMMON_BLOCKS = YES;
				GCC_WARN_64_TO_32_BIT_CONVERSION = YES;
				GCC_WARN_ABOUT_RETURN_TYPE = YES_ERROR;
				GCC_WARN_UNDECLARED_SELECTOR = YES;
				GCC_WARN_UNINITIALIZED_AUTOS = YES_AGGRESSIVE;
				GCC_WARN_UNUSED_FUNCTION = YES;
				GCC_WARN_UNUSED_VARIABLE = YES;
				IPHONEOS_DEPLOYMENT_TARGET = 9.1;
				MTL_ENABLE_DEBUG_INFO = NO;
				SDKROOT = iphoneos;
				TARGETED_DEVICE_FAMILY = "1,2";
				VALIDATE_PRODUCT = YES;
			};
			name = Release;
		};
		D8B067261C32C28B00AB2A44 /* Debug */ = {
			isa = XCBuildConfiguration;
			buildSettings = {
				ASSETCATALOG_COMPILER_APPICON_NAME = AppIcon;
				INFOPLIST_FILE = pokedex/Info.plist;
				LD_RUNPATH_SEARCH_PATHS = "$(inherited) @executable_path/Frameworks";
				PRODUCT_BUNDLE_IDENTIFIER = co.Ntime.pokedex;
				PRODUCT_NAME = "$(TARGET_NAME)";
			};
			name = Debug;
		};
		D8B067271C32C28B00AB2A44 /* Release */ = {
			isa = XCBuildConfiguration;
			buildSettings = {
				ASSETCATALOG_COMPILER_APPICON_NAME = AppIcon;
				INFOPLIST_FILE = pokedex/Info.plist;
				LD_RUNPATH_SEARCH_PATHS = "$(inherited) @executable_path/Frameworks";
				PRODUCT_BUNDLE_IDENTIFIER = co.Ntime.pokedex;
				PRODUCT_NAME = "$(TARGET_NAME)";
			};
			name = Release;
		};
/* End XCBuildConfiguration section */

/* Begin XCConfigurationList section */
		D8B0670E1C32C28B00AB2A44 /* Build configuration list for PBXProject "pokedex" */ = {
			isa = XCConfigurationList;
			buildConfigurations = (
				D8B067231C32C28B00AB2A44 /* Debug */,
				D8B067241C32C28B00AB2A44 /* Release */,
			);
			defaultConfigurationIsVisible = 0;
			defaultConfigurationName = Release;
		};
		D8B067251C32C28B00AB2A44 /* Build configuration list for PBXNativeTarget "pokedex" */ = {
			isa = XCConfigurationList;
			buildConfigurations = (
				D8B067261C32C28B00AB2A44 /* Debug */,
				D8B067271C32C28B00AB2A44 /* Release */,
			);
			defaultConfigurationIsVisible = 0;
			defaultConfigurationName = Release;
		};
/* End XCConfigurationList section */
	};
	rootObject = D8B0670B1C32C28B00AB2A44 /* Project object */;
}
